PODS:
  - Expecta (0.3.0)
  - EXPMatchers+FBSnapshotTest (1.1.0):
    - Expecta
    - FBSnapshotTestCase
  - FBSnapshotTestCase (1.1)
  - Specta (0.2.1)
  - TSMiniWebBrowser@dblock (1.1)

DEPENDENCIES:
  - Expecta (= 0.3.0)
  - EXPMatchers+FBSnapshotTest (= 1.1.0)
  - FBSnapshotTestCase (= 1.1)
  - Specta (= 0.2.1)
  - TSMiniWebBrowser@dblock (from `TSMiniWebBrowser@dblock.podspec`)

EXTERNAL SOURCES:
  TSMiniWebBrowser@dblock:
    :path: TSMiniWebBrowser@dblock.podspec

SPEC CHECKSUMS:
  Expecta: ce8a51b9fad15a2cd573b291cb2909aaed865350
  EXPMatchers+FBSnapshotTest: fcc428d6a5d4410c1711aeda4456c9c5e93f98d3
  FBSnapshotTestCase: 9053afee1d66b4c7c313fcb0ae582a5e47bea9d0
  Specta: 9141310f46b1f68b676650ff2854e1ed0b74163a
  TSMiniWebBrowser@dblock: eb2f9c5eafa37f548ec0b9983ebf34db065dc607

COCOAPODS: 0.33.1
